
Microsoft Visual Studio Solution File, Format Version 12.00
# Visual Studio 15
VisualStudioVersion = 15.0.28010.2046
MinimumVisualStudioVersion = 10.0.40219.1
Project("{FAE04EC0-301F-11D3-BF4B-00C04F79EFBC}") = "SecIntelSample", "SecIntelSample\SecIntelSample.csproj", "{E5F58481-372F-4AEF-9780-42C58A11A71A}"
EndProject
Project("{FAE04EC0-301F-11D3-BF4B-00C04F79EFBC}") = "SecIntelSample.Mvc", "SecIntelSample.Mvc\SecIntelSample.Mvc.csproj", "{DA9AAC9A-6C14-4606-8B41-91EE02489C1B}"
EndProject
Project("{FAE04EC0-301F-11D3-BF4B-00C04F79EFBC}") = "SecIntelSample.WebForms", "SecIntelSample.WebForms\SecIntelSample.WebForms.csproj", "{36493123-A24C-49D8-8FC5-CF8553B7E9B2}"
EndProject
Global
	GlobalSection(SolutionConfigurationPlatforms) = preSolution
		Debug|Any CPU = Debug|Any CPU
		Release|Any CPU = Release|Any CPU
	EndGlobalSection
	GlobalSection(ProjectConfigurationPlatforms) = postSolution
		{E5F58481-372F-4AEF-9780-42C58A11A71A}.Debug|Any CPU.ActiveCfg = Debug|Any CPU
		{E5F58481-372F-4AEF-9780-42C58A11A71A}.Debug|Any CPU.Build.0 = Debug|Any CPU
		{E5F58481-372F-4AEF-9780-42C58A11A71A}.Release|Any CPU.ActiveCfg = Release|Any CPU
		{E5F58481-372F-4AEF-9780-42C58A11A71A}.Release|Any CPU.Build.0 = Release|Any CPU
		{DA9AAC9A-6C14-4606-8B41-91EE02489C1B}.Debug|Any CPU.ActiveCfg = Debug|Any CPU
		{DA9AAC9A-6C14-4606-8B41-91EE02489C1B}.Debug|Any CPU.Build.0 = Debug|Any CPU
		{DA9AAC9A-6C14-4606-8B41-91EE02489C1B}.Release|Any CPU.ActiveCfg = Release|Any CPU
		{DA9AAC9A-6C14-4606-8B41-91EE02489C1B}.Release|Any CPU.Build.0 = Release|Any CPU
		{36493123-A24C-49D8-8FC5-CF8553B7E9B2}.Debug|Any CPU.ActiveCfg = Debug|Any CPU
		{36493123-A24C-49D8-8FC5-CF8553B7E9B2}.Debug|Any CPU.Build.0 = Debug|Any CPU
		{36493123-A24C-49D8-8FC5-CF8553B7E9B2}.Release|Any CPU.ActiveCfg = Release|Any CPU
		{36493123-A24C-49D8-8FC5-CF8553B7E9B2}.Release|Any CPU.Build.0 = Release|Any CPU
	EndGlobalSection
	GlobalSection(SolutionProperties) = preSolution
		HideSolutionNode = FALSE
	EndGlobalSection
	GlobalSection(ExtensibilityGlobals) = postSolution
		SolutionGuid = {28C374BF-ED0E-4211-95A6-CD3FCE03065E}
	EndGlobalSection
EndGlobal
